
Microsoft Visual Studio Solution File, Format Version 12.00
# Visual Studio Version 16
VisualStudioVersion = 16.0.31702.278
MinimumVisualStudioVersion = 10.0.40219.1
Project("{9A19103F-16F7-4668-BE54-9A1E7A4F7556}") = "Cryptography.Api", "Cryptography.Api\Cryptography.Api.csproj", "{B77A2C44-D657-4C03-A92A-B2FF45A22471}"
EndProject
Project("{9A19103F-16F7-4668-BE54-9A1E7A4F7556}") = "Cryptography.BusinessLogic", "Cryptography.BusinessLogic\Cryptography.BusinessLogic.csproj", "{10E75735-7659-4727-BA0B-ECDE439D3A94}"
EndProject
Project("{9A19103F-16F7-4668-BE54-9A1E7A4F7556}") = "Cryptography.Domain", "Cryptography.Domain\Cryptography.Domain.csproj", "{BD9330BF-2B7D-4BC1-8D8C-E30DD2B4BA1A}"
EndProject
Project("{9A19103F-16F7-4668-BE54-9A1E7A4F7556}") = "Cryptography.Tests", "Cryptography.Tests\Cryptography.Tests.csproj", "{4AF044F0-68C4-4D10-9854-075EEEF4EBDC}"
EndProject
Project("{FAE04EC0-301F-11D3-BF4B-00C04F79EFBC}") = "Cryptography.WpfApp", "Cryptography.WpfApp\Cryptography.WpfApp.csproj", "{DF142D50-5D1F-4FC6-84C5-F629F2349D2B}"
EndProject
Global
	GlobalSection(SolutionConfigurationPlatforms) = preSolution
		Debug|Any CPU = Debug|Any CPU
		Release|Any CPU = Release|Any CPU
	EndGlobalSection
	GlobalSection(ProjectConfigurationPlatforms) = postSolution
		{B77A2C44-D657-4C03-A92A-B2FF45A22471}.Debug|Any CPU.ActiveCfg = Debug|Any CPU
		{B77A2C44-D657-4C03-A92A-B2FF45A22471}.Debug|Any CPU.Build.0 = Debug|Any CPU
		{B77A2C44-D657-4C03-A92A-B2FF45A22471}.Release|Any CPU.ActiveCfg = Release|Any CPU
		{B77A2C44-D657-4C03-A92A-B2FF45A22471}.Release|Any CPU.Build.0 = Release|Any CPU
		{10E75735-7659-4727-BA0B-ECDE439D3A94}.Debug|Any CPU.ActiveCfg = Debug|Any CPU
		{10E75735-7659-4727-BA0B-ECDE439D3A94}.Debug|Any CPU.Build.0 = Debug|Any CPU
		{10E75735-7659-4727-BA0B-ECDE439D3A94}.Release|Any CPU.ActiveCfg = Release|Any CPU
		{10E75735-7659-4727-BA0B-ECDE439D3A94}.Release|Any CPU.Build.0 = Release|Any CPU
		{BD9330BF-2B7D-4BC1-8D8C-E30DD2B4BA1A}.Debug|Any CPU.ActiveCfg = Debug|Any CPU
		{BD9330BF-2B7D-4BC1-8D8C-E30DD2B4BA1A}.Debug|Any CPU.Build.0 = Debug|Any CPU
		{BD9330BF-2B7D-4BC1-8D8C-E30DD2B4BA1A}.Release|Any CPU.ActiveCfg = Release|Any CPU
		{BD9330BF-2B7D-4BC1-8D8C-E30DD2B4BA1A}.Release|Any CPU.Build.0 = Release|Any CPU
		{4AF044F0-68C4-4D10-9854-075EEEF4EBDC}.Debug|Any CPU.ActiveCfg = Debug|Any CPU
		{4AF044F0-68C4-4D10-9854-075EEEF4EBDC}.Debug|Any CPU.Build.0 = Debug|Any CPU
		{4AF044F0-68C4-4D10-9854-075EEEF4EBDC}.Release|Any CPU.ActiveCfg = Release|Any CPU
		{4AF044F0-68C4-4D10-9854-075EEEF4EBDC}.Release|Any CPU.Build.0 = Release|Any CPU
		{DF142D50-5D1F-4FC6-84C5-F629F2349D2B}.Debug|Any CPU.ActiveCfg = Debug|Any CPU
		{DF142D50-5D1F-4FC6-84C5-F629F2349D2B}.Debug|Any CPU.Build.0 = Debug|Any CPU
		{DF142D50-5D1F-4FC6-84C5-F629F2349D2B}.Release|Any CPU.ActiveCfg = Release|Any CPU
		{DF142D50-5D1F-4FC6-84C5-F629F2349D2B}.Release|Any CPU.Build.0 = Release|Any CPU
	EndGlobalSection
	GlobalSection(SolutionProperties) = preSolution
		HideSolutionNode = FALSE
	EndGlobalSection
	GlobalSection(ExtensibilityGlobals) = postSolution
		SolutionGuid = {2E059A7D-68AB-43A9-B80E-39B3B51A4FB7}
	EndGlobalSection
EndGlobal
